{
    "version": "0.5",
    "requires": [
        "zstd/1.5.7#b68ca8e3de04ba5957761751d1d661f4%1760955092.069",
        "watcher/0.14.1#97d0acf1d2edc657a884b9b31b2619a8%1765308682.376",
        "unordered_dense/4.8.1#b65dff07409efc9ad9caf912dcae91d7%1762840158.234",
        "tomlplusplus/3.4.0#85dbfed71376fb8dc23cdcc0570e4727%1718732132.076",
        "tinygltf/2.9.7#b683a4330f0cca88452bd8a7498f7c66%1770747563.208",
        "stb/cci.20240531#ede183dce303916dab0c1b835df3926a%1720366012.336",
        "sol2/3.5.0#fd3c55a708ff1d23db3fe4e026f3af32%1742996322.952",
        "sokol/2026.07.02#f068178a965ba771cad48c41740f71a3%1790779995.331786",
        "platformfolders/4.3.0#e1d3269cb1ad3bf90819b3134712d8db%1754263861.345",
        "nlohmann_json/3.12.0#2d634ab0ec8d9f56353e5ccef6d6612c%1744735883.94",
        "nfd/1.3.0#4f45e50b6947ef007a792186c3855f49%1790779996.055424",
        "miniz/3.0.2#bfbce07c6654293cce27ee24129d2df7%1743673472.805",
        "manifold/3.5.1#9469d37a882dbc1bfdf6e7711d1f5025%1783090443.349",
        "lua/5.4.6#f917ddf41444d585bf4fe87513f2b8de%1744016909.458",
        "implot/1.0.0#e76833712761cb8723c806e3476922fa%1790779995.814722",
        "imgui/1.92.8#d15b4ef5de652ca93443e197e9771c20%1790779995.574472",
        "glm/1.0.3#debeffa033a21e12074ba5e361989c90%1782474723.712",
        "flatbuffers/25.12.19#071c47a360801bf3ee2aaa81262c5040%1779873584.15",
        "cpp-httplib/0.47.0#add6673ff352c26898ed2650453e706e%1784539639.401",
        "clipper2/2.0.1#bf89081942ff1dadedb35492ef2c03e8%1774364477.05",
        "cli11/2.7.2#7b44e357ee7b56b38fa18a372753858f%1790779995.088446",
        "catch2/3.15.1#3999597ad2c74c459ea77c9603ce4a57%1781598371.731"
    ],
    "build_requires": [
        "sokol-shdc/2026.06.13#19bb04385dbfce8aed71a907c67a8393%1790779996.300904",
        "flatbuffers/25.12.19#071c47a360801bf3ee2aaa81262c5040%1779873584.15",
        "cmake/4.4.3#8b46ce9dbf1937af1c05f19579c1f105%1789658722.203"
    ],
    "python_requires": [],
    "config_requires": []
}
